
Microsoft Visual Studio Solution File, Format Version 12.00
# Visual Studio Version 17
VisualStudioVersion = 17.0.32014.148
MinimumVisualStudioVersion = 10.0.40219.1
Project("{FAE04EC0-301F-11D3-BF4B-00C04F79EFBC}") = "MyListView", "ListView\MyListView.csproj", "{BA258F4A-2142-40D6-8884-882D1925DEB3}"
EndProject
Global
	GlobalSection(SolutionConfigurationPlatforms) = preSolution
		Debug|Any CPU = Debug|Any CPU
		Release|Any CPU = Release|Any CPU
	EndGlobalSection
	GlobalSection(ProjectConfigurationPlatforms) = postSolution
		{BA258F4A-2142-40D6-8884-882D1925DEB3}.Debug|Any CPU.ActiveCfg = Debug|Any CPU
		{BA258F4A-2142-40D6-8884-882D1925DEB3}.Debug|Any CPU.Build.0 = Debug|Any CPU
		{BA258F4A-2142-40D6-8884-882D1925DEB3}.Release|Any CPU.ActiveCfg = Release|Any CPU
		{BA258F4A-2142-40D6-8884-882D1925DEB3}.Release|Any CPU.Build.0 = Release|Any CPU
	EndGlobalSection
	GlobalSection(SolutionProperties) = preSolution
		HideSolutionNode = FALSE
	EndGlobalSection
	GlobalSection(ExtensibilityGlobals) = postSolution
		SolutionGuid = {06710D9A-115A-4DA1-B8A2-02F09ADC3BA1}
	EndGlobalSection
EndGlobal
